<?xml version="1.0" encoding="utf-8"?>
<Project ToolsVersion="4.0" xmlns="http://schemas.microsoft.com/developer/msbuild/2003">
  <ItemGroup>
    <Filter Include="Source Files">
      <UniqueIdentifier>{4FC737F1-C7A5-4376-A066-2A32D752A2FF}</UniqueIdentifier>
      <Extensions>cpp;c;cc;cxx;def;odl;idl;hpj;bat;asm;asmx</Extensions>
    </Filter>
    <Filter Include="Header Files">
      <UniqueIdentifier>{93995380-89BD-4b04-88EB-625FBE52EBFB}</UniqueIdentifier>
      <Extensions>h;hh;hpp;hxx;hm;inl;inc;ipp;xsd</Extensions>
    </Filter>
    <Filter Include="Resource Files">
      <UniqueIdentifier>{67DA6AB6-F800-4c08-8B7A-83BB121AAD01}</UniqueIdentifier>
      <Extensions>rc;ico;cur;bmp;dlg;rc2;rct;bin;rgs;gif;jpg;jpeg;jpe;resx;tiff;tif;png;wav;mfcribbon-ms</Extensions>
    </Filter>
    <Filter Include="Shaders">
      <UniqueIdentifier>{2aba6273-8aec-4b32-9f2f-7d1c867a8d9d}</UniqueIdentifier>
    </Filter>
    <Filter Include="Imgui">
      <UniqueIdentifier>{a9423de7-f35e-432e-9c48-fc3b336d0532}</UniqueIdentifier>
    </Filter>
  </ItemGroup>
  <ItemGroup>
    <ClCompile Include="src\main.cpp">
      <Filter>Source Files</Filter>
    </ClCompile>
    <ClCompile Include="src\renderer.cpp">
      <Filter>Source Files</Filter>
    </ClCompile>
    <ClCompile Include="include\imgui\imgui_impl_opengl3.cpp">
      <Filter>Imgui</Filter>
    </ClCompile>
    <ClCompile Include="include\imgui\imgui_impl_win32.cpp">
      <Filter>Imgui</Filter>
    </ClCompile>
    <ClCompile Include="include\imgui\imgui_tables.cpp">
      <Filter>Imgui</Filter>
    </ClCompile>
    <ClCompile Include="include\imgui\imgui_widgets.cpp">
      <Filter>Imgui</Filter>
    </ClCompile>
    <ClCompile Include="include\imgui\imgui.cpp">
      <Filter>Imgui</Filter>
    </ClCompile>
    <ClCompile Include="include\imgui\imgui_demo.cpp">
      <Filter>Imgui</Filter>
    </ClCompile>
    <ClCompile Include="include\imgui\imgui_draw.cpp">
      <Filter>Imgui</Filter>
    </ClCompile>
    <ClCompile Include="include\imgui\imgui_impl_glut.cpp">
      <Filter>Imgui</Filter>
    </ClCompile>
  </ItemGroup>
  <ItemGroup>
    <ClInclude Include="src\shader.h">
      <Filter>Header Files</Filter>
    </ClInclude>
    <ClInclude Include="src\renderer.h">
      <Filter>Header Files</Filter>
    </ClInclude>
    <ClInclude Include="src\shaderprogram.h">
      <Filter>Header Files</Filter>
    </ClInclude>
    <ClInclude Include="src\quad.h">
      <Filter>Header Files</Filter>
    </ClInclude>
    <ClInclude Include="shaders\deviceconstants.h">
      <Filter>Shaders</Filter>
    </ClInclude>
    <ClInclude Include="src\uniformbuffer.h">
      <Filter>Header Files</Filter>
    </ClInclude>
    <ClInclude Include="src\rendertexture.h">
      <Filter>Header Files</Filter>
    </ClInclude>
    <ClInclude Include="src\texture.h">
      <Filter>Header Files</Filter>
    </ClInclude>
    <ClInclude Include="src\camera.h">
      <Filter>Header Files</Filter>
    </ClInclude>
    <ClInclude Include="shaders\nishita.h">
      <Filter>Shaders</Filter>
    </ClInclude>
    <ClInclude Include="include\imgui\imgui_impl_glut.h">
      <Filter>Imgui</Filter>
    </ClInclude>
    <ClInclude Include="include\imgui\imgui_impl_opengl3.h">
      <Filter>Imgui</Filter>
    </ClInclude>
    <ClInclude Include="include\imgui\imgui_impl_win32.h">
      <Filter>Imgui</Filter>
    </ClInclude>
    <ClInclude Include="include\imgui\imgui_internal.h">
      <Filter>Imgui</Filter>
    </ClInclude>
    <ClInclude Include="include\imgui\imstb_rectpack.h">
      <Filter>Imgui</Filter>
    </ClInclude>
    <ClInclude Include="include\imgui\imstb_textedit.h">
      <Filter>Imgui</Filter>
    </ClInclude>
    <ClInclude Include="include\imgui\imstb_truetype.h">
      <Filter>Imgui</Filter>
    </ClInclude>
    <ClInclude Include="include\imgui\imconfig.h">
      <Filter>Imgui</Filter>
    </ClInclude>
    <ClInclude Include="include\imgui\imgui.h">
      <Filter>Imgui</Filter>
    </ClInclude>
    <ClInclude Include="shaders\devicestructs.h">
      <Filter>Shaders</Filter>
    </ClInclude>
    <ClInclude Include="shaders\fbm.h">
      <Filter>Shaders</Filter>
    </ClInclude>
    <ClInclude Include="shaders\worley.h">
      <Filter>Shaders</Filter>
    </ClInclude>
    <ClInclude Include="shaders\random.h">
      <Filter>Shaders</Filter>
    </ClInclude>
    <ClInclude Include="shaders\perlin.h">
      <Filter>Shaders</Filter>
    </ClInclude>
    <ClInclude Include="shaders\cloud.h">
      <Filter>Shaders</Filter>
    </ClInclude>
    <ClInclude Include="src\ini.h">
      <Filter>Header Files</Filter>
    </ClInclude>
    <ClInclude Include="src\shaderbuffer.h">
      <Filter>Header Files</Filter>
    </ClInclude>
    <ClInclude Include="src\oceanfft.h">
      <Filter>Header Files</Filter>
    </ClInclude>
    <ClInclude Include="shaders\complex.h">
      <Filter>Shaders</Filter>
    </ClInclude>
    <ClInclude Include="src\vertexbuffer.h">
      <Filter>Header Files</Filter>
    </ClInclude>
  </ItemGroup>
  <ItemGroup>
    <None Include="shaders\quad.frag">
      <Filter>Shaders</Filter>
    </None>
    <None Include="shaders\quad.vert">
      <Filter>Shaders</Filter>
    </None>
    <None Include="shaders\texturedQuad.frag">
      <Filter>Shaders</Filter>
    </None>
    <None Include="shaders\fbmnoise.frag">
      <Filter>Shaders</Filter>
    </None>
    <None Include="shaders\worleynoise.frag">
      <Filter>Shaders</Filter>
    </None>
    <None Include="shaders\perlinnoise.frag">
      <Filter>Shaders</Filter>
    </None>
    <None Include="shaders\cloudnoise.frag">
      <Filter>Shaders</Filter>
    </None>
    <None Include="shaders\precomputecloud.comp">
      <Filter>Shaders</Filter>
    </None>
    <None Include="shaders\precomputeenvironment.frag">
      <Filter>Shaders</Filter>
    </None>
    <None Include="shaders\oceanheightfield.comp">
      <Filter>Shaders</Filter>
    </None>
    <None Include="shaders\oceanhfinal.comp">
      <Filter>Shaders</Filter>
    </None>
    <None Include="shaders\precomputebutterfly.comp">
      <Filter>Shaders</Filter>
    </None>
    <None Include="shaders\butterflyoperation.comp">
      <Filter>Shaders</Filter>
    </None>
    <None Include="shaders\inversion.comp">
      <Filter>Shaders</Filter>
    </None>
    <None Include="shaders\water.frag">
      <Filter>Shaders</Filter>
    </None>
    <None Include="shaders\water.vert">
      <Filter>Shaders</Filter>
    </None>
  </ItemGroup>
</Project>